{
  "name": "balancingtheequation",
  "version": "1.0.0",
  "lockfileVersion": 2,
  "requires": true,
  "packages": {
    "": {
      "name": "balancingtheequation",
      "version": "1.0.0",
      "license": "ISC",
      "dependencies": {
        "percom": "^1.1.1"
      }
    },
    "node_modules/percom": {
      "version": "1.1.1",
      "resolved": "https://registry.npmjs.org/percom/-/percom-1.1.1.tgz",
      "integrity": "sha512-vjfA79wB/ISTGoYYVGKdBGGpt/bLjIFqQJXjZcuQznY5nz79fanUbhVuDeW8MwmcITym79ZeEH+tclm0FGz9BQ=="
    }
  },
  "dependencies": {
    "percom": {
      "version": "1.1.1",
      "resolved": "https://registry.npmjs.org/percom/-/percom-1.1.1.tgz",
      "integrity": "sha512-vjfA79wB/ISTGoYYVGKdBGGpt/bLjIFqQJXjZcuQznY5nz79fanUbhVuDeW8MwmcITym79ZeEH+tclm0FGz9BQ=="
    }
  }
}
